// !$*UTF8*$!
{
	archiveVersion = 1;
	classes = {
	};
	objectVersion = 50;
	objects = {

/* Begin PBXBuildFile section */
		2B49C5D525AD53A300AC8493 /* ASPerson.m in Sources */ = {isa = PBXBuildFile; fileRef = 2B49C5D425AD53A300AC8493 /* ASPerson.m */; };
		2B49C5DE25AD8F2100AC8493 /* ASCameraViewController.m in Sources */ = {isa = PBXBuildFile; fileRef = 2B49C5DD25AD8F2100AC8493 /* ASCameraViewController.m */; };
		2B49C5E425AD8F8C00AC8493 /* ASCameraPreview.m in Sources */ = {isa = PBXBuildFile; fileRef = 2B49C5E325AD8F8C00AC8493 /* ASCameraPreview.m */; };
		2B49C5F025ADCE7700AC8493 /* ASCameraCapture.m in Sources */ = {isa = PBXBuildFile; fileRef = 2B49C5EF25ADCE7700AC8493 /* ASCameraCapture.m */; };
		2B49C5F525ADD1AD00AC8493 /* ASCameraVideo.m in Sources */ = {isa = PBXBuildFile; fileRef = 2B49C5F425ADD1AD00AC8493 /* ASCameraVideo.m */; };
		2B76E7CC25A8653D001A1E5C /* ASStudent.m in Sources */ = {isa = PBXBuildFile; fileRef = 2B76E7CB25A8653D001A1E5C /* ASStudent.m */; };
		2B76E7D125A86A5A001A1E5C /* ASStudent.xib in Resources */ = {isa = PBXBuildFile; fileRef = 2B76E7D025A86A5A001A1E5C /* ASStudent.xib */; };
		2B76E7E325A86EE6001A1E5C /* ASStudentView.m in Sources */ = {isa = PBXBuildFile; fileRef = 2B76E7E225A86EE6001A1E5C /* ASStudentView.m */; };
		2B99EC9325A73AAA00951772 /* AppDelegate.m in Sources */ = {isa = PBXBuildFile; fileRef = 2B99EC9225A73AAA00951772 /* AppDelegate.m */; };
		2B99EC9625A73AAA00951772 /* SceneDelegate.m in Sources */ = {isa = PBXBuildFile; fileRef = 2B99EC9525A73AAA00951772 /* SceneDelegate.m */; };
		2B99EC9925A73AAA00951772 /* ViewController.m in Sources */ = {isa = PBXBuildFile; fileRef = 2B99EC9825A73AAA00951772 /* ViewController.m */; };
		2B99EC9C25A73AAA00951772 /* Main.storyboard in Resources */ = {isa = PBXBuildFile; fileRef = 2B99EC9A25A73AAA00951772 /* Main.storyboard */; };
		2B99EC9E25A73AAC00951772 /* Assets.xcassets in Resources */ = {isa = PBXBuildFile; fileRef = 2B99EC9D25A73AAC00951772 /* Assets.xcassets */; };
		2B99ECA125A73AAC00951772 /* LaunchScreen.storyboard in Resources */ = {isa = PBXBuildFile; fileRef = 2B99EC9F25A73AAC00951772 /* LaunchScreen.storyboard */; };
		2B99ECA425A73AAC00951772 /* main.m in Sources */ = {isa = PBXBuildFile; fileRef = 2B99ECA325A73AAC00951772 /* main.m */; };
		2B99ECAE25A73AAC00951772 /* AserbaosIOSTests.m in Sources */ = {isa = PBXBuildFile; fileRef = 2B99ECAD25A73AAC00951772 /* AserbaosIOSTests.m */; };
		2B99ECB925A73AAC00951772 /* AserbaosIOSUITests.m in Sources */ = {isa = PBXBuildFile; fileRef = 2B99ECB825A73AAC00951772 /* AserbaosIOSUITests.m */; };
		2B99ECFC25A8344400951772 /* Students.plist in Resources */ = {isa = PBXBuildFile; fileRef = 2B99ECFB25A8344400951772 /* Students.plist */; };
		2B99ED1725A8440900951772 /* ASTomcatViewController.m in Sources */ = {isa = PBXBuildFile; fileRef = 2B99ED1625A8440900951772 /* ASTomcatViewController.m */; };
/* End PBXBuildFile section */

/* Begin PBXContainerItemProxy section */
		2B99ECAA25A73AAC00951772 /* PBXContainerItemProxy */ = {
			isa = PBXContainerItemProxy;
			containerPortal = 2B99EC8625A73AAA00951772 /* Project object */;
			proxyType = 1;
			remoteGlobalIDString = 2B99EC8D25A73AAA00951772;
			remoteInfo = AserbaosIOS;
		};
		2B99ECB525A73AAC00951772 /* PBXContainerItemProxy */ = {
			isa = PBXContainerItemProxy;
			containerPortal = 2B99EC8625A73AAA00951772 /* Project object */;
			proxyType = 1;
			remoteGlobalIDString = 2B99EC8D25A73AAA00951772;
			remoteInfo = AserbaosIOS;
		};
/* End PBXContainerItemProxy section */

/* Begin PBXFileReference section */
		2B49C5D325AD53A300AC8493 /* ASPerson.h */ = {isa = PBXFileReference; lastKnownFileType = sourcecode.c.h; path = ASPerson.h; sourceTree = "<group>"; };
		2B49C5D425AD53A300AC8493 /* ASPerson.m */ = {isa = PBXFileReference; lastKnownFileType = sourcecode.c.objc; path = ASPerson.m; sourceTree = "<group>"; };
		2B49C5DC25AD8F2100AC8493 /* ASCameraViewController.h */ = {isa = PBXFileReference; lastKnownFileType = sourcecode.c.h; path = ASCameraViewController.h; sourceTree = "<group>"; };
		2B49C5DD25AD8F2100AC8493 /* ASCameraViewController.m */ = {isa = PBXFileReference; lastKnownFileType = sourcecode.c.objc; path = ASCameraViewController.m; sourceTree = "<group>"; };
		2B49C5E225AD8F8C00AC8493 /* ASCameraPreview.h */ = {isa = PBXFileReference; lastKnownFileType = sourcecode.c.h; path = ASCameraPreview.h; sourceTree = "<group>"; };
		2B49C5E325AD8F8C00AC8493 /* ASCameraPreview.m */ = {isa = PBXFileReference; lastKnownFileType = sourcecode.c.objc; path = ASCameraPreview.m; sourceTree = "<group>"; };
		2B49C5EE25ADCE5900AC8493 /* ASCameraCapture.h */ = {isa = PBXFileReference; fileEncoding = 4; lastKnownFileType = sourcecode.c.h; path = ASCameraCapture.h; sourceTree = "<group>"; };
		2B49C5EF25ADCE7700AC8493 /* ASCameraCapture.m */ = {isa = PBXFileReference; fileEncoding = 4; lastKnownFileType = sourcecode.c.objc; path = ASCameraCapture.m; sourceTree = "<group>"; };
		2B49C5F425ADD1AD00AC8493 /* ASCameraVideo.m */ = {isa = PBXFileReference; fileEncoding = 4; lastKnownFileType = sourcecode.c.objc; path = ASCameraVideo.m; sourceTree = "<group>"; };
		2B49C5F925ADD1BA00AC8493 /* ASCameraVideo.h */ = {isa = PBXFileReference; fileEncoding = 4; lastKnownFileType = sourcecode.c.h; path = ASCameraVideo.h; sourceTree = "<group>"; };
		2B76E7CA25A8653D001A1E5C /* ASStudent.h */ = {isa = PBXFileReference; lastKnownFileType = sourcecode.c.h; path = ASStudent.h; sourceTree = "<group>"; };
		2B76E7CB25A8653D001A1E5C /* ASStudent.m */ = {isa = PBXFileReference; lastKnownFileType = sourcecode.c.objc; path = ASStudent.m; sourceTree = "<group>"; };
		2B76E7D025A86A5A001A1E5C /* ASStudent.xib */ = {isa = PBXFileReference; lastKnownFileType = file.xib; path = ASStudent.xib; sourceTree = "<group>"; };
		2B76E7E125A86EE6001A1E5C /* ASStudentView.h */ = {isa = PBXFileReference; lastKnownFileType = sourcecode.c.h; path = ASStudentView.h; sourceTree = "<group>"; };
		2B76E7E225A86EE6001A1E5C /* ASStudentView.m */ = {isa = PBXFileReference; lastKnownFileType = sourcecode.c.objc; path = ASStudentView.m; sourceTree = "<group>"; };
		2B99EC8E25A73AAA00951772 /* AserbaosIOS.app */ = {isa = PBXFileReference; explicitFileType = wrapper.application; includeInIndex = 0; path = AserbaosIOS.app; sourceTree = BUILT_PRODUCTS_DIR; };
		2B99EC9125A73AAA00951772 /* AppDelegate.h */ = {isa = PBXFileReference; lastKnownFileType = sourcecode.c.h; path = AppDelegate.h; sourceTree = "<group>"; };
		2B99EC9225A73AAA00951772 /* AppDelegate.m */ = {isa = PBXFileReference; lastKnownFileType = sourcecode.c.objc; path = AppDelegate.m; sourceTree = "<group>"; };
		2B99EC9425A73AAA00951772 /* SceneDelegate.h */ = {isa = PBXFileReference; lastKnownFileType = sourcecode.c.h; path = SceneDelegate.h; sourceTree = "<group>"; };
		2B99EC9525A73AAA00951772 /* SceneDelegate.m */ = {isa = PBXFileReference; lastKnownFileType = sourcecode.c.objc; path = SceneDelegate.m; sourceTree = "<group>"; };
		2B99EC9725A73AAA00951772 /* ViewController.h */ = {isa = PBXFileReference; lastKnownFileType = sourcecode.c.h; path = ViewController.h; sourceTree = "<group>"; };
		2B99EC9825A73AAA00951772 /* ViewController.m */ = {isa = PBXFileReference; lastKnownFileType = sourcecode.c.objc; path = ViewController.m; sourceTree = "<group>"; };
		2B99EC9B25A73AAA00951772 /* Base */ = {isa = PBXFileReference; lastKnownFileType = file.storyboard; name = Base; path = Base.lproj/Main.storyboard; sourceTree = "<group>"; };
		2B99EC9D25A73AAC00951772 /* Assets.xcassets */ = {isa = PBXFileReference; lastKnownFileType = folder.assetcatalog; path = Assets.xcassets; sourceTree = "<group>"; };
		2B99ECA025A73AAC00951772 /* Base */ = {isa = PBXFileReference; lastKnownFileType = file.storyboard; name = Base; path = Base.lproj/LaunchScreen.storyboard; sourceTree = "<group>"; };
		2B99ECA225A73AAC00951772 /* Info.plist */ = {isa = PBXFileReference; lastKnownFileType = text.plist.xml; path = Info.plist; sourceTree = "<group>"; };
		2B99ECA325A73AAC00951772 /* main.m */ = {isa = PBXFileReference; lastKnownFileType = sourcecode.c.objc; path = main.m; sourceTree = "<group>"; };
		2B99ECA925A73AAC00951772 /* AserbaosIOSTests.xctest */ = {isa = PBXFileReference; explicitFileType = wrapper.cfbundle; includeInIndex = 0; path = AserbaosIOSTests.xctest; sourceTree = BUILT_PRODUCTS_DIR; };
		2B99ECAD25A73AAC00951772 /* AserbaosIOSTests.m */ = {isa = PBXFileReference; lastKnownFileType = sourcecode.c.objc; path = AserbaosIOSTests.m; sourceTree = "<group>"; };
		2B99ECAF25A73AAC00951772 /* Info.plist */ = {isa = PBXFileReference; lastKnownFileType = text.plist.xml; path = Info.plist; sourceTree = "<group>"; };
		2B99ECB425A73AAC00951772 /* AserbaosIOSUITests.xctest */ = {isa = PBXFileReference; explicitFileType = wrapper.cfbundle; includeInIndex = 0; path = AserbaosIOSUITests.xctest; sourceTree = BUILT_PRODUCTS_DIR; };
		2B99ECB825A73AAC00951772 /* AserbaosIOSUITests.m */ = {isa = PBXFileReference; lastKnownFileType = sourcecode.c.objc; path = AserbaosIOSUITests.m; sourceTree = "<group>"; };
		2B99ECBA25A73AAC00951772 /* Info.plist */ = {isa = PBXFileReference; lastKnownFileType = text.plist.xml; path = Info.plist; sourceTree = "<group>"; };
		2B99ECFB25A8344400951772 /* Students.plist */ = {isa = PBXFileReference; lastKnownFileType = text.plist.xml; path = Students.plist; sourceTree = "<group>"; };
		2B99ED1625A8440900951772 /* ASTomcatViewController.m */ = {isa = PBXFileReference; lastKnownFileType = sourcecode.c.objc; path = ASTomcatViewController.m; sourceTree = "<group>"; };
		2B99ED1F25A8445000951772 /* ASTomcatViewController.h */ = {isa = PBXFileReference; lastKnownFileType = sourcecode.c.h; path = ASTomcatViewController.h; sourceTree = "<group>"; };
/* End PBXFileReference section */

/* Begin PBXFrameworksBuildPhase section */
		2B99EC8B25A73AAA00951772 /* Frameworks */ = {
			isa = PBXFrameworksBuildPhase;
			buildActionMask = 2147483647;
			files = (
			);
			runOnlyForDeploymentPostprocessing = 0;
		};
		2B99ECA625A73AAC00951772 /* Frameworks */ = {
			isa = PBXFrameworksBuildPhase;
			buildActionMask = 2147483647;
			files = (
			);
			runOnlyForDeploymentPostprocessing = 0;
		};
		2B99ECB125A73AAC00951772 /* Frameworks */ = {
			isa = PBXFrameworksBuildPhase;
			buildActionMask = 2147483647;
			files = (
			);
			runOnlyForDeploymentPostprocessing = 0;
		};
/* End PBXFrameworksBuildPhase section */

/* Begin PBXGroup section */
		2B76E7E725A99BF4001A1E5C /* Others */ = {
			isa = PBXGroup;
			children = (
				2B99EC9425A73AAA00951772 /* SceneDelegate.h */,
				2B99EC9525A73AAA00951772 /* SceneDelegate.m */,
				2B99EC9125A73AAA00951772 /* AppDelegate.h */,
				2B99ECA325A73AAC00951772 /* main.m */,
				2B99EC9225A73AAA00951772 /* AppDelegate.m */,
			);
			path = Others;
			sourceTree = "<group>";
		};
		2B76E7E925A99C04001A1E5C /* Views */ = {
			isa = PBXGroup;
			children = (
				2B99EC9A25A73AAA00951772 /* Main.storyboard */,
				2B99EC9F25A73AAC00951772 /* LaunchScreen.storyboard */,
				2B76E7D025A86A5A001A1E5C /* ASStudent.xib */,
				2B76E7E125A86EE6001A1E5C /* ASStudentView.h */,
				2B76E7E225A86EE6001A1E5C /* ASStudentView.m */,
				2B49C5E225AD8F8C00AC8493 /* ASCameraPreview.h */,
				2B49C5EE25ADCE5900AC8493 /* ASCameraCapture.h */,
				2B49C5F925ADD1BA00AC8493 /* ASCameraVideo.h */,
				2B49C5E325AD8F8C00AC8493 /* ASCameraPreview.m */,
				2B49C5EF25ADCE7700AC8493 /* ASCameraCapture.m */,
				2B49C5F425ADD1AD00AC8493 /* ASCameraVideo.m */,
			);
			path = Views;
			sourceTree = "<group>";
		};
		2B76E7EA25A99C0A001A1E5C /* Models */ = {
			isa = PBXGroup;
			children = (
				2B76E7CA25A8653D001A1E5C /* ASStudent.h */,
				2B76E7CB25A8653D001A1E5C /* ASStudent.m */,
				2B49C5D325AD53A300AC8493 /* ASPerson.h */,
				2B49C5D425AD53A300AC8493 /* ASPerson.m */,
			);
			path = Models;
			sourceTree = "<group>";
		};
		2B76E7EB25A99C13001A1E5C /* Controllers */ = {
			isa = PBXGroup;
			children = (
				2B99EC9725A73AAA00951772 /* ViewController.h */,
				2B99ED1625A8440900951772 /* ASTomcatViewController.m */,
				2B99ED1F25A8445000951772 /* ASTomcatViewController.h */,
				2B99EC9825A73AAA00951772 /* ViewController.m */,
				2B49C5DC25AD8F2100AC8493 /* ASCameraViewController.h */,
				2B49C5DD25AD8F2100AC8493 /* ASCameraViewController.m */,
			);
			path = Controllers;
			sourceTree = "<group>";
		};
		2B99EC8525A73AAA00951772 = {
			isa = PBXGroup;
			children = (
				2B99EC9025A73AAA00951772 /* AserbaosIOS */,
				2B99ECAC25A73AAC00951772 /* AserbaosIOSTests */,
				2B99ECB725A73AAC00951772 /* AserbaosIOSUITests */,
				2B99EC8F25A73AAA00951772 /* Products */,
			);
			sourceTree = "<group>";
		};
		2B99EC8F25A73AAA00951772 /* Products */ = {
			isa = PBXGroup;
			children = (
				2B99EC8E25A73AAA00951772 /* AserbaosIOS.app */,
				2B99ECA925A73AAC00951772 /* AserbaosIOSTests.xctest */,
				2B99ECB425A73AAC00951772 /* AserbaosIOSUITests.xctest */,
			);
			name = Products;
			sourceTree = "<group>";
		};
		2B99EC9025A73AAA00951772 /* AserbaosIOS */ = {
			isa = PBXGroup;
			children = (
				2B76E7EB25A99C13001A1E5C /* Controllers */,
				2B76E7EA25A99C0A001A1E5C /* Models */,
				2B76E7E925A99C04001A1E5C /* Views */,
				2B76E7E725A99BF4001A1E5C /* Others */,
				2B99ECD925A8139800951772 /* Support Files */,
			);
			path = AserbaosIOS;
			sourceTree = "<group>";
		};
		2B99ECAC25A73AAC00951772 /* AserbaosIOSTests */ = {
			isa = PBXGroup;
			children = (
				2B99ECAD25A73AAC00951772 /* AserbaosIOSTests.m */,
				2B99ECAF25A73AAC00951772 /* Info.plist */,
			);
			path = AserbaosIOSTests;
			sourceTree = "<group>";
		};
		2B99ECB725A73AAC00951772 /* AserbaosIOSUITests */ = {
			isa = PBXGroup;
			children = (
				2B99ECB825A73AAC00951772 /* AserbaosIOSUITests.m */,
				2B99ECBA25A73AAC00951772 /* Info.plist */,
			);
			path = AserbaosIOSUITests;
			sourceTree = "<group>";
		};
		2B99ECD925A8139800951772 /* Support Files */ = {
			isa = PBXGroup;
			children = (
				2B99EC9D25A73AAC00951772 /* Assets.xcassets */,
				2B99ECA225A73AAC00951772 /* Info.plist */,
				2B99ECFB25A8344400951772 /* Students.plist */,
			);
			path = "Support Files";
			sourceTree = "<group>";
		};
/* End PBXGroup section */

/* Begin PBXNativeTarget section */
		2B99EC8D25A73AAA00951772 /* AserbaosIOS */ = {
			isa = PBXNativeTarget;
			buildConfigurationList = 2B99ECBD25A73AAC00951772 /* Build configuration list for PBXNativeTarget "AserbaosIOS" */;
			buildPhases = (
				2B99EC8A25A73AAA00951772 /* Sources */,
				2B99EC8B25A73AAA00951772 /* Frameworks */,
				2B99EC8C25A73AAA00951772 /* Resources */,
			);
			buildRules = (
			);
			dependencies = (
			);
			name = AserbaosIOS;
			productName = AserbaosIOS;
			productReference = 2B99EC8E25A73AAA00951772 /* AserbaosIOS.app */;
			productType = "com.apple.product-type.application";
		};
		2B99ECA825A73AAC00951772 /* AserbaosIOSTests */ = {
			isa = PBXNativeTarget;
			buildConfigurationList = 2B99ECC025A73AAC00951772 /* Build configuration list for PBXNativeTarget "AserbaosIOSTests" */;
			buildPhases = (
				2B99ECA525A73AAC00951772 /* Sources */,
				2B99ECA625A73AAC00951772 /* Frameworks */,
				2B99ECA725A73AAC00951772 /* Resources */,
			);
			buildRules = (
			);
			dependencies = (
				2B99ECAB25A73AAC00951772 /* PBXTargetDependency */,
			);
			name = AserbaosIOSTests;
			productName = AserbaosIOSTests;
			productReference = 2B99ECA925A73AAC00951772 /* AserbaosIOSTests.xctest */;
			productType = "com.apple.product-type.bundle.unit-test";
		};
		2B99ECB325A73AAC00951772 /* AserbaosIOSUITests */ = {
			isa = PBXNativeTarget;
			buildConfigurationList = 2B99ECC325A73AAC00951772 /* Build configuration list for PBXNativeTarget "AserbaosIOSUITests" */;
			buildPhases = (
				2B99ECB025A73AAC00951772 /* Sources */,
				2B99ECB125A73AAC00951772 /* Frameworks */,
				2B99ECB225A73AAC00951772 /* Resources */,
			);
			buildRules = (
			);
			dependencies = (
				2B99ECB625A73AAC00951772 /* PBXTargetDependency */,
			);
			name = AserbaosIOSUITests;
			productName = AserbaosIOSUITests;
			productReference = 2B99ECB425A73AAC00951772 /* AserbaosIOSUITests.xctest */;
			productType = "com.apple.product-type.bundle.ui-testing";
		};
/* End PBXNativeTarget section */

/* Begin PBXProject section */
		2B99EC8625A73AAA00951772 /* Project object */ = {
			isa = PBXProject;
			attributes = {
				CLASSPREFIX = AS;
				LastUpgradeCheck = 1230;
				TargetAttributes = {
					2B99EC8D25A73AAA00951772 = {
						CreatedOnToolsVersion = 12.3;
					};
					2B99ECA825A73AAC00951772 = {
						CreatedOnToolsVersion = 12.3;
						TestTargetID = 2B99EC8D25A73AAA00951772;
					};
					2B99ECB325A73AAC00951772 = {
						CreatedOnToolsVersion = 12.3;
						TestTargetID = 2B99EC8D25A73AAA00951772;
					};
				};
			};
			buildConfigurationList = 2B99EC8925A73AAA00951772 /* Build configuration list for PBXProject "AserbaosIOS" */;
			compatibilityVersion = "Xcode 9.3";
			developmentRegion = en;
			hasScannedForEncodings = 0;
			knownRegions = (
				en,
				Base,
			);
			mainGroup = 2B99EC8525A73AAA00951772;
			productRefGroup = 2B99EC8F25A73AAA00951772 /* Products */;
			projectDirPath = "";
			projectRoot = "";
			targets = (
				2B99EC8D25A73AAA00951772 /* AserbaosIOS */,
				2B99ECA825A73AAC00951772 /* AserbaosIOSTests */,
				2B99ECB325A73AAC00951772 /* AserbaosIOSUITests */,
			);
		};
/* End PBXProject section */

/* Begin PBXResourcesBuildPhase section */
		2B99EC8C25A73AAA00951772 /* Resources */ = {
			isa = PBXResourcesBuildPhase;
			buildActionMask = 2147483647;
			files = (
				2B99ECA125A73AAC00951772 /* LaunchScreen.storyboard in Resources */,
				2B99EC9E25A73AAC00951772 /* Assets.xcassets in Resources */,
				2B76E7D125A86A5A001A1E5C /* ASStudent.xib in Resources */,
				2B99ECFC25A8344400951772 /* Students.plist in Resources */,
				2B99EC9C25A73AAA00951772 /* Main.storyboard in Resources */,
			);
			runOnlyForDeploymentPostprocessing = 0;
		};
		2B99ECA725A73AAC00951772 /* Resources */ = {
			isa = PBXResourcesBuildPhase;
			buildActionMask = 2147483647;
			files = (
			);
			runOnlyForDeploymentPostprocessing = 0;
		};
		2B99ECB225A73AAC00951772 /* Resources */ = {
			isa = PBXResourcesBuildPhase;
			buildActionMask = 2147483647;
			files = (
			);
			runOnlyForDeploymentPostprocessing = 0;
		};
/* End PBXResourcesBuildPhase section */

/* Begin PBXSourcesBuildPhase section */
		2B99EC8A25A73AAA00951772 /* Sources */ = {
			isa = PBXSourcesBuildPhase;
			buildActionMask = 2147483647;
			files = (
				2B49C5F025ADCE7700AC8493 /* ASCameraCapture.m in Sources */,
				2B49C5D525AD53A300AC8493 /* ASPerson.m in Sources */,
				2B99EC9925A73AAA00951772 /* ViewController.m in Sources */,
				2B99EC9325A73AAA00951772 /* AppDelegate.m in Sources */,
				2B49C5DE25AD8F2100AC8493 /* ASCameraViewController.m in Sources */,
				2B76E7E325A86EE6001A1E5C /* ASStudentView.m in Sources */,
				2B99ECA425A73AAC00951772 /* main.m in Sources */,
				2B76E7CC25A8653D001A1E5C /* ASStudent.m in Sources */,
				2B49C5E425AD8F8C00AC8493 /* ASCameraPreview.m in Sources */,
				2B99ED1725A8440900951772 /* ASTomcatViewController.m in Sources */,
				2B49C5F525ADD1AD00AC8493 /* ASCameraVideo.m in Sources */,
				2B99EC9625A73AAA00951772 /* SceneDelegate.m in Sources */,
			);
			runOnlyForDeploymentPostprocessing = 0;
		};
		2B99ECA525A73AAC00951772 /* Sources */ = {
			isa = PBXSourcesBuildPhase;
			buildActionMask = 2147483647;
			files = (
				2B99ECAE25A73AAC00951772 /* AserbaosIOSTests.m in Sources */,
			);
			runOnlyForDeploymentPostprocessing = 0;
		};
		2B99ECB025A73AAC00951772 /* Sources */ = {
			isa = PBXSourcesBuildPhase;
			buildActionMask = 2147483647;
			files = (
				2B99ECB925A73AAC00951772 /* AserbaosIOSUITests.m in Sources */,
			);
			runOnlyForDeploymentPostprocessing = 0;
		};
/* End PBXSourcesBuildPhase section */

/* Begin PBXTargetDependency section */
		2B99ECAB25A73AAC00951772 /* PBXTargetDependency */ = {
			isa = PBXTargetDependency;
			target = 2B99EC8D25A73AAA00951772 /* AserbaosIOS */;
			targetProxy = 2B99ECAA25A73AAC00951772 /* PBXContainerItemProxy */;
		};
		2B99ECB625A73AAC00951772 /* PBXTargetDependency */ = {
			isa = PBXTargetDependency;
			target = 2B99EC8D25A73AAA00951772 /* AserbaosIOS */;
			targetProxy = 2B99ECB525A73AAC00951772 /* PBXContainerItemProxy */;
		};
/* End PBXTargetDependency section */

/* Begin PBXVariantGroup section */
		2B99EC9A25A73AAA00951772 /* Main.storyboard */ = {
			isa = PBXVariantGroup;
			children = (
				2B99EC9B25A73AAA00951772 /* Base */,
			);
			name = Main.storyboard;
			sourceTree = "<group>";
		};
		2B99EC9F25A73AAC00951772 /* LaunchScreen.storyboard */ = {
			isa = PBXVariantGroup;
			children = (
				2B99ECA025A73AAC00951772 /* Base */,
			);
			name = LaunchScreen.storyboard;
			sourceTree = "<group>";
		};
/* End PBXVariantGroup section */

/* Begin XCBuildConfiguration section */
		2B99ECBB25A73AAC00951772 /* Debug */ = {
			isa = XCBuildConfiguration;
			buildSettings = {
				ALWAYS_SEARCH_USER_PATHS = NO;
				CLANG_ANALYZER_NONNULL = YES;
				CLANG_ANALYZER_NUMBER_OBJECT_CONVERSION = YES_AGGRESSIVE;
				CLANG_CXX_LANGUAGE_STANDARD = "gnu++14";
				CLANG_CXX_LIBRARY = "libc++";
				CLANG_ENABLE_MODULES = YES;
				CLANG_ENABLE_OBJC_ARC = YES;
				CLANG_ENABLE_OBJC_WEAK = YES;
				CLANG_WARN_BLOCK_CAPTURE_AUTORELEASING = YES;
				CLANG_WARN_BOOL_CONVERSION = YES;
				CLANG_WARN_COMMA = YES;
				CLANG_WARN_CONSTANT_CONVERSION = YES;
				CLANG_WARN_DEPRECATED_OBJC_IMPLEMENTATIONS = YES;
				CLANG_WARN_DIRECT_OBJC_ISA_USAGE = YES_ERROR;
				CLANG_WARN_DOCUMENTATION_COMMENTS = YES;
				CLANG_WARN_EMPTY_BODY = YES;
				CLANG_WARN_ENUM_CONVERSION = YES;
				CLANG_WARN_INFINITE_RECURSION = YES;
				CLANG_WARN_INT_CONVERSION = YES;
				CLANG_WARN_NON_LITERAL_NULL_CONVERSION = YES;
				CLANG_WARN_OBJC_IMPLICIT_RETAIN_SELF = YES;
				CLANG_WARN_OBJC_LITERAL_CONVERSION = YES;
				CLANG_WARN_OBJC_ROOT_CLASS = YES_ERROR;
				CLANG_WARN_QUOTED_INCLUDE_IN_FRAMEWORK_HEADER = YES;
				CLANG_WARN_RANGE_LOOP_ANALYSIS = YES;
				CLANG_WARN_STRICT_PROTOTYPES = YES;
				CLANG_WARN_SUSPICIOUS_MOVE = YES;
				CLANG_WARN_UNGUARDED_AVAILABILITY = YES_AGGRESSIVE;
				CLANG_WARN_UNREACHABLE_CODE = YES;
				CLANG_WARN__DUPLICATE_METHOD_MATCH = YES;
				COPY_PHASE_STRIP = NO;
				DEBUG_INFORMATION_FORMAT = dwarf;
				ENABLE_STRICT_OBJC_MSGSEND = YES;
				ENABLE_TESTABILITY = YES;
				GCC_C_LANGUAGE_STANDARD = gnu11;
				GCC_DYNAMIC_NO_PIC = NO;
				GCC_NO_COMMON_BLOCKS = YES;
				GCC_OPTIMIZATION_LEVEL = 0;
				GCC_PREPROCESSOR_DEFINITIONS = (
					"DEBUG=1",
					"$(inherited)",
				);
				GCC_WARN_64_TO_32_BIT_CONVERSION = YES;
				GCC_WARN_ABOUT_RETURN_TYPE = YES_ERROR;
				GCC_WARN_UNDECLARED_SELECTOR = YES;
				GCC_WARN_UNINITIALIZED_AUTOS = YES_AGGRESSIVE;
				GCC_WARN_UNUSED_FUNCTION = YES;
				GCC_WARN_UNUSED_VARIABLE = YES;
				IPHONEOS_DEPLOYMENT_TARGET = 14.3;
				MTL_ENABLE_DEBUG_INFO = INCLUDE_SOURCE;
				MTL_FAST_MATH = YES;
				ONLY_ACTIVE_ARCH = YES;
				SDKROOT = iphoneos;
			};
			name = Debug;
		};
		2B99ECBC25A73AAC00951772 /* Release */ = {
			isa = XCBuildConfiguration;
			buildSettings = {
				ALWAYS_SEARCH_USER_PATHS = NO;
				CLANG_ANALYZER_NONNULL = YES;
				CLANG_ANALYZER_NUMBER_OBJECT_CONVERSION = YES_AGGRESSIVE;
				CLANG_CXX_LANGUAGE_STANDARD = "gnu++14";
				CLANG_CXX_LIBRARY = "libc++";
				CLANG_ENABLE_MODULES = YES;
				CLANG_ENABLE_OBJC_ARC = YES;
				CLANG_ENABLE_OBJC_WEAK = YES;
				CLANG_WARN_BLOCK_CAPTURE_AUTORELEASING = YES;
				CLANG_WARN_BOOL_CONVERSION = YES;
				CLANG_WARN_COMMA = YES;
				CLANG_WARN_CONSTANT_CONVERSION = YES;
				CLANG_WARN_DEPRECATED_OBJC_IMPLEMENTATIONS = YES;
				CLANG_WARN_DIRECT_OBJC_ISA_USAGE = YES_ERROR;
				CLANG_WARN_DOCUMENTATION_COMMENTS = YES;
				CLANG_WARN_EMPTY_BODY = YES;
				CLANG_WARN_ENUM_CONVERSION = YES;
				CLANG_WARN_INFINITE_RECURSION = YES;
				CLANG_WARN_INT_CONVERSION = YES;
				CLANG_WARN_NON_LITERAL_NULL_CONVERSION = YES;
				CLANG_WARN_OBJC_IMPLICIT_RETAIN_SELF = YES;
				CLANG_WARN_OBJC_LITERAL_CONVERSION = YES;
				CLANG_WARN_OBJC_ROOT_CLASS = YES_ERROR;
				CLANG_WARN_QUOTED_INCLUDE_IN_FRAMEWORK_HEADER = YES;
				CLANG_WARN_RANGE_LOOP_ANALYSIS = YES;
				CLANG_WARN_STRICT_PROTOTYPES = YES;
				CLANG_WARN_SUSPICIOUS_MOVE = YES;
				CLANG_WARN_UNGUARDED_AVAILABILITY = YES_AGGRESSIVE;
				CLANG_WARN_UNREACHABLE_CODE = YES;
				CLANG_WARN__DUPLICATE_METHOD_MATCH = YES;
				COPY_PHASE_STRIP = NO;
				DEBUG_INFORMATION_FORMAT = "dwarf-with-dsym";
				ENABLE_NS_ASSERTIONS = NO;
				ENABLE_STRICT_OBJC_MSGSEND = YES;
				GCC_C_LANGUAGE_STANDARD = gnu11;
				GCC_NO_COMMON_BLOCKS = YES;
				GCC_WARN_64_TO_32_BIT_CONVERSION = YES;
				GCC_WARN_ABOUT_RETURN_TYPE = YES_ERROR;
				GCC_WARN_UNDECLARED_SELECTOR = YES;
				GCC_WARN_UNINITIALIZED_AUTOS = YES_AGGRESSIVE;
				GCC_WARN_UNUSED_FUNCTION = YES;
				GCC_WARN_UNUSED_VARIABLE = YES;
				IPHONEOS_DEPLOYMENT_TARGET = 14.3;
				MTL_ENABLE_DEBUG_INFO = NO;
				MTL_FAST_MATH = YES;
				SDKROOT = iphoneos;
				VALIDATE_PRODUCT = YES;
			};
			name = Release;
		};
		2B99ECBE25A73AAC00951772 /* Debug */ = {
			isa = XCBuildConfiguration;
			buildSettings = {
				ASSETCATALOG_COMPILER_APPICON_NAME = AppIcon;
				ASSETCATALOG_COMPILER_GLOBAL_ACCENT_COLOR_NAME = AccentColor;
				CODE_SIGN_STYLE = Automatic;
				DEVELOPMENT_TEAM = NK4C788QT7;
				INFOPLIST_FILE = "AserbaosIOS/Support Files/Info.plist";
				LD_RUNPATH_SEARCH_PATHS = (
					"$(inherited)",
					"@executable_path/Frameworks",
				);
				MARKETING_VERSION = 1.2;
				PRODUCT_BUNDLE_IDENTIFIER = aserbao.StoryboardUIDemo;
				PRODUCT_NAME = "$(TARGET_NAME)";
				TARGETED_DEVICE_FAMILY = "1,2";
			};
			name = Debug;
		};
		2B99ECBF25A73AAC00951772 /* Release */ = {
			isa = XCBuildConfiguration;
			buildSettings = {
				ASSETCATALOG_COMPILER_APPICON_NAME = AppIcon;
				ASSETCATALOG_COMPILER_GLOBAL_ACCENT_COLOR_NAME = AccentColor;
				CODE_SIGN_STYLE = Automatic;
				DEVELOPMENT_TEAM = NK4C788QT7;
				INFOPLIST_FILE = "AserbaosIOS/Support Files/Info.plist";
				LD_RUNPATH_SEARCH_PATHS = (
					"$(inherited)",
					"@executable_path/Frameworks",
				);
				MARKETING_VERSION = 1.2;
				PRODUCT_BUNDLE_IDENTIFIER = aserbao.StoryboardUIDemo;
				PRODUCT_NAME = "$(TARGET_NAME)";
				TARGETED_DEVICE_FAMILY = "1,2";
			};
			name = Release;
		};
		2B99ECC125A73AAC00951772 /* Debug */ = {
			isa = XCBuildConfiguration;
			buildSettings = {
				BUNDLE_LOADER = "$(TEST_HOST)";
				CODE_SIGN_STYLE = Automatic;
				DEVELOPMENT_TEAM = NK4C788QT7;
				INFOPLIST_FILE = AserbaosIOSTests/Info.plist;
				IPHONEOS_DEPLOYMENT_TARGET = 14.3;
				LD_RUNPATH_SEARCH_PATHS = (
					"$(inherited)",
					"@executable_path/Frameworks",
					"@loader_path/Frameworks",
				);
				PRODUCT_BUNDLE_IDENTIFIER = aserbao.AserbaosIOSTests;
				PRODUCT_NAME = "$(TARGET_NAME)";
				TARGETED_DEVICE_FAMILY = "1,2";
				TEST_HOST = "$(BUILT_PRODUCTS_DIR)/AserbaosIOS.app/AserbaosIOS";
			};
			name = Debug;
		};
		2B99ECC225A73AAC00951772 /* Release */ = {
			isa = XCBuildConfiguration;
			buildSettings = {
				BUNDLE_LOADER = "$(TEST_HOST)";
				CODE_SIGN_STYLE = Automatic;
				DEVELOPMENT_TEAM = NK4C788QT7;
				INFOPLIST_FILE = AserbaosIOSTests/Info.plist;
				IPHONEOS_DEPLOYMENT_TARGET = 14.3;
				LD_RUNPATH_SEARCH_PATHS = (
					"$(inherited)",
					"@executable_path/Frameworks",
					"@loader_path/Frameworks",
				);
				PRODUCT_BUNDLE_IDENTIFIER = aserbao.AserbaosIOSTests;
				PRODUCT_NAME = "$(TARGET_NAME)";
				TARGETED_DEVICE_FAMILY = "1,2";
				TEST_HOST = "$(BUILT_PRODUCTS_DIR)/AserbaosIOS.app/AserbaosIOS";
			};
			name = Release;
		};
		2B99ECC425A73AAC00951772 /* Debug */ = {
			isa = XCBuildConfiguration;
			buildSettings = {
				CODE_SIGN_STYLE = Automatic;
				DEVELOPMENT_TEAM = NK4C788QT7;
				INFOPLIST_FILE = AserbaosIOSUITests/Info.plist;
				LD_RUNPATH_SEARCH_PATHS = (
					"$(inherited)",
					"@executable_path/Frameworks",
					"@loader_path/Frameworks",
				);
				PRODUCT_BUNDLE_IDENTIFIER = aserbao.AserbaosIOSUITests;
				PRODUCT_NAME = "$(TARGET_NAME)";
				TARGETED_DEVICE_FAMILY = "1,2";
				TEST_TARGET_NAME = AserbaosIOS;
			};
			name = Debug;
		};
		2B99ECC525A73AAC00951772 /* Release */ = {
			isa = XCBuildConfiguration;
			buildSettings = {
				CODE_SIGN_STYLE = Automatic;
				DEVELOPMENT_TEAM = NK4C788QT7;
				INFOPLIST_FILE = AserbaosIOSUITests/Info.plist;
				LD_RUNPATH_SEARCH_PATHS = (
					"$(inherited)",
					"@executable_path/Frameworks",
					"@loader_path/Frameworks",
				);
				PRODUCT_BUNDLE_IDENTIFIER = aserbao.AserbaosIOSUITests;
				PRODUCT_NAME = "$(TARGET_NAME)";
				TARGETED_DEVICE_FAMILY = "1,2";
				TEST_TARGET_NAME = AserbaosIOS;
			};
			name = Release;
		};
/* End XCBuildConfiguration section */

/* Begin XCConfigurationList section */
		2B99EC8925A73AAA00951772 /* Build configuration list for PBXProject "AserbaosIOS" */ = {
			isa = XCConfigurationList;
			buildConfigurations = (
				2B99ECBB25A73AAC00951772 /* Debug */,
				2B99ECBC25A73AAC00951772 /* Release */,
			);
			defaultConfigurationIsVisible = 0;
			defaultConfigurationName = Release;
		};
		2B99ECBD25A73AAC00951772 /* Build configuration list for PBXNativeTarget "AserbaosIOS" */ = {
			isa = XCConfigurationList;
			buildConfigurations = (
				2B99ECBE25A73AAC00951772 /* Debug */,
				2B99ECBF25A73AAC00951772 /* Release */,
			);
			defaultConfigurationIsVisible = 0;
			defaultConfigurationName = Release;
		};
		2B99ECC025A73AAC00951772 /* Build configuration list for PBXNativeTarget "AserbaosIOSTests" */ = {
			isa = XCConfigurationList;
			buildConfigurations = (
				2B99ECC125A73AAC00951772 /* Debug */,
				2B99ECC225A73AAC00951772 /* Release */,
			);
			defaultConfigurationIsVisible = 0;
			defaultConfigurationName = Release;
		};
		2B99ECC325A73AAC00951772 /* Build configuration list for PBXNativeTarget "AserbaosIOSUITests" */ = {
			isa = XCConfigurationList;
			buildConfigurations = (
				2B99ECC425A73AAC00951772 /* Debug */,
				2B99ECC525A73AAC00951772 /* Release */,
			);
			defaultConfigurationIsVisible = 0;
			defaultConfigurationName = Release;
		};
/* End XCConfigurationList section */
	};
	rootObject = 2B99EC8625A73AAA00951772 /* Project object */;
}
